
Microsoft Visual Studio Solution File, Format Version 12.00
# Visual Studio Version 17
VisualStudioVersion = 17.9.34902.65
MinimumVisualStudioVersion = 10.0.40219.1
Project("{FAE04EC0-301F-11D3-BF4B-00C04F79EFBC}") = "Ispit.Model", "Ispit.Model\Ispit.Model.csproj", "{F28D10F0-6B97-4D27-AEBA-FA070842279B}"
EndProject
Project("{FAE04EC0-301F-11D3-BF4B-00C04F79EFBC}") = "Ispit.Konzola", "Ispit.Konzola\Ispit.Konzola.csproj", "{52408514-D682-44E9-AE57-ABE63E36387E}"
EndProject
Global
	GlobalSection(SolutionConfigurationPlatforms) = preSolution
		Debug|Any CPU = Debug|Any CPU
		Release|Any CPU = Release|Any CPU
	EndGlobalSection
	GlobalSection(ProjectConfigurationPlatforms) = postSolution
		{F28D10F0-6B97-4D27-AEBA-FA070842279B}.Debug|Any CPU.ActiveCfg = Debug|Any CPU
		{F28D10F0-6B97-4D27-AEBA-FA070842279B}.Debug|Any CPU.Build.0 = Debug|Any CPU
		{F28D10F0-6B97-4D27-AEBA-FA070842279B}.Release|Any CPU.ActiveCfg = Release|Any CPU
		{F28D10F0-6B97-4D27-AEBA-FA070842279B}.Release|Any CPU.Build.0 = Release|Any CPU
		{52408514-D682-44E9-AE57-ABE63E36387E}.Debug|Any CPU.ActiveCfg = Debug|Any CPU
		{52408514-D682-44E9-AE57-ABE63E36387E}.Debug|Any CPU.Build.0 = Debug|Any CPU
		{52408514-D682-44E9-AE57-ABE63E36387E}.Release|Any CPU.ActiveCfg = Release|Any CPU
		{52408514-D682-44E9-AE57-ABE63E36387E}.Release|Any CPU.Build.0 = Release|Any CPU
	EndGlobalSection
	GlobalSection(SolutionProperties) = preSolution
		HideSolutionNode = FALSE
	EndGlobalSection
	GlobalSection(ExtensibilityGlobals) = postSolution
		SolutionGuid = {23A2F922-59D9-4C47-9825-9D2306F152B1}
	EndGlobalSection
EndGlobal
